
Microsoft Visual Studio Solution File, Format Version 12.00
# Visual Studio Version 16
VisualStudioVersion = 16.0.29709.97
MinimumVisualStudioVersion = 10.0.40219.1
Project("{FAE04EC0-301F-11D3-BF4B-00C04F79EFBC}") = "DeltaplanTask", "DeltaplanTask\DeltaplanTask.csproj", "{C486B74D-5784-4329-B8E2-AA1507C8E87C}"
EndProject
Global
	GlobalSection(SolutionConfigurationPlatforms) = preSolution
		Debug|Any CPU = Debug|Any CPU
		Release|Any CPU = Release|Any CPU
	EndGlobalSection
	GlobalSection(ProjectConfigurationPlatforms) = postSolution
		{C486B74D-5784-4329-B8E2-AA1507C8E87C}.Debug|Any CPU.ActiveCfg = Debug|Any CPU
		{C486B74D-5784-4329-B8E2-AA1507C8E87C}.Debug|Any CPU.Build.0 = Debug|Any CPU
		{C486B74D-5784-4329-B8E2-AA1507C8E87C}.Release|Any CPU.ActiveCfg = Release|Any CPU
		{C486B74D-5784-4329-B8E2-AA1507C8E87C}.Release|Any CPU.Build.0 = Release|Any CPU
	EndGlobalSection
	GlobalSection(SolutionProperties) = preSolution
		HideSolutionNode = FALSE
	EndGlobalSection
	GlobalSection(ExtensibilityGlobals) = postSolution
		SolutionGuid = {CE066E6C-2B30-4522-AE44-C0FAA68D7F42}
	EndGlobalSection
EndGlobal
